PODS:
  - GoogleMaps (1.10.5)
  - SKPhotoBrowser (4.0.1)

DEPENDENCIES:
  - GoogleMaps (~> 1.10.5)
  - SKPhotoBrowser (~> 4.0)

SPEC CHECKSUMS:
  GoogleMaps: da51c62c338c2d9c47cdad470a0d1e0e4b8544e4
  SKPhotoBrowser: 3a7c6fc02aa1620ab17253a47a49fafda46536e8

PODFILE CHECKSUM: d510dfbe613359223d3e098efa1fe1a13c56e10d

COCOAPODS: 1.2.1
