PODS:
  - Crashlytics (3.14.0):
    - Fabric (~> 1.10.2)
  - Fabric (1.10.2)
  - SKPhotoBrowser (6.1.0)

DEPENDENCIES:
  - Crashlytics
  - Fabric
  - SKPhotoBrowser

SPEC REPOS:
  https://github.com/cocoapods/specs.git:
    - Crashlytics
    - Fabric
    - SKPhotoBrowser

SPEC CHECKSUMS:
  Crashlytics: 540b7e5f5da5a042647227a5e3ac51d85eed06df
  Fabric: 706c8b8098fff96c33c0db69cbf81f9c551d0d74
  SKPhotoBrowser: 343de95d89dc7913763c5dda243cc6e606e4a168

PODFILE CHECKSUM: 627f4e6e2c5baec2d964430b00e13443d301ed12

COCOAPODS: 1.6.1
